
Microsoft Visual Studio Solution File, Format Version 12.00
# Visual Studio Version 16
VisualStudioVersion = 16.0.34301.259
MinimumVisualStudioVersion = 10.0.40219.1
Project("{FAE04EC0-301F-11D3-BF4B-00C04F79EFBC}") = "QLSV", "QLSV\QLSV.csproj", "{A8549CF2-FBEC-4BF5-8F48-1E8AC623C23B}"
EndProject
Global
	GlobalSection(SolutionConfigurationPlatforms) = preSolution
		Debug|Any CPU = Debug|Any CPU
		Release|Any CPU = Release|Any CPU
	EndGlobalSection
	GlobalSection(ProjectConfigurationPlatforms) = postSolution
		{A8549CF2-FBEC-4BF5-8F48-1E8AC623C23B}.Debug|Any CPU.ActiveCfg = Debug|Any CPU
		{A8549CF2-FBEC-4BF5-8F48-1E8AC623C23B}.Debug|Any CPU.Build.0 = Debug|Any CPU
		{A8549CF2-FBEC-4BF5-8F48-1E8AC623C23B}.Release|Any CPU.ActiveCfg = Release|Any CPU
		{A8549CF2-FBEC-4BF5-8F48-1E8AC623C23B}.Release|Any CPU.Build.0 = Release|Any CPU
	EndGlobalSection
	GlobalSection(SolutionProperties) = preSolution
		HideSolutionNode = FALSE
	EndGlobalSection
	GlobalSection(ExtensibilityGlobals) = postSolution
		SolutionGuid = {B6C4C0B7-03CC-4F61-8F1D-0436D4D9B5FD}
	EndGlobalSection
EndGlobal
